
Microsoft Visual Studio Solution File, Format Version 12.00
# Visual Studio Version 16
VisualStudioVersion = 16.0.31205.134
MinimumVisualStudioVersion = 10.0.40219.1
Project("{9A19103F-16F7-4668-BE54-9A1E7A4F7556}") = "ConsumerProducer", "src\ConsumerProducer\ConsumerProducer.csproj", "{2304C829-FEDF-4043-B059-F3D4C8D6C98B}"
EndProject
Global
	GlobalSection(SolutionConfigurationPlatforms) = preSolution
		Debug|Any CPU = Debug|Any CPU
		Release|Any CPU = Release|Any CPU
	EndGlobalSection
	GlobalSection(ProjectConfigurationPlatforms) = postSolution
		{2304C829-FEDF-4043-B059-F3D4C8D6C98B}.Debug|Any CPU.ActiveCfg = Debug|Any CPU
		{2304C829-FEDF-4043-B059-F3D4C8D6C98B}.Debug|Any CPU.Build.0 = Debug|Any CPU
		{2304C829-FEDF-4043-B059-F3D4C8D6C98B}.Release|Any CPU.ActiveCfg = Release|Any CPU
		{2304C829-FEDF-4043-B059-F3D4C8D6C98B}.Release|Any CPU.Build.0 = Release|Any CPU
	EndGlobalSection
	GlobalSection(SolutionProperties) = preSolution
		HideSolutionNode = FALSE
	EndGlobalSection
	GlobalSection(ExtensibilityGlobals) = postSolution
		SolutionGuid = {BBB7C8D0-9C2D-496C-8896-56A132AB1244}
	EndGlobalSection
EndGlobal
